{
    "name": "@teamhive/nestjs-common",
    "version": "7.3.0",
    "lockfileVersion": 1,
    "requires": true,
    "dependencies": {
        "@babel/code-frame": {
            "version": "7.5.5",
            "resolved": "https://registry.npmjs.org/@babel/code-frame/-/code-frame-7.5.5.tgz",
            "integrity": "sha512-27d4lZoomVyo51VegxI20xZPuSHusqbQag/ztrBC7wegWoQ1nLREPVSKSW8byhTlzTKyNE4ifaTA6lCp7JjpFw==",
            "dev": true,
            "requires": {
                "@babel/highlight": "^7.0.0"
            }
        },
        "@babel/highlight": {
            "version": "7.5.0",
            "resolved": "https://registry.npmjs.org/@babel/highlight/-/highlight-7.5.0.tgz",
            "integrity": "sha512-7dV4eu9gBxoM0dAnj/BCFDW9LFU0zvTrkq0ugM7pnHEgguOEeOz1so2ZghEdzviYzQEED0r4EAgpsBChKy1TRQ==",
            "dev": true,
            "requires": {
                "chalk": "^2.0.0",
                "esutils": "^2.0.2",
                "js-tokens": "^4.0.0"
            }
        },
        "@nestjs/common": {
            "version": "6.5.3",
            "resolved": "https://registry.npmjs.org/@nestjs/common/-/common-6.5.3.tgz",
            "integrity": "sha512-8d39grIMrUYGKM46BFWxB6csQFCu1S2aK7azPivg7gTRVSbvR84cVd6tgRVM0LwFpqQrtn3Q6G6Pa8FSk7Kh1w==",
            "dev": true,
            "requires": {
                "axios": "0.19.0",
                "cli-color": "1.4.0",
                "uuid": "3.3.2"
            }
        },
        "@nestjs/core": {
            "version": "6.5.3",
            "resolved": "https://registry.npmjs.org/@nestjs/core/-/core-6.5.3.tgz",
            "integrity": "sha512-ZhYfH49sVmUUw02qsaGozCFOOehlEABakYzRShyDDq30/2+ek3KpE0DfvA9tXlzX2KVrac2qDTBxMOPoJ+zY+g==",
            "dev": true,
            "requires": {
                "@nuxtjs/opencollective": "0.2.2",
                "fast-safe-stringify": "2.0.6",
                "iterare": "1.2.0",
                "object-hash": "1.3.1",
                "optional": "0.1.4",
                "uuid": "3.3.2"
            }
        },
        "@nestjs/passport": {
            "version": "6.1.0",
            "resolved": "https://registry.npmjs.org/@nestjs/passport/-/passport-6.1.0.tgz",
            "integrity": "sha512-V4KdtFFLsdZQ/HlIECpiK6byzGz57Y12TAc+Iatykk8jWuVFE1jq8RJbpTfB0zG0PTfcGm9crQ6Ut2Rwdmis4Q==",
            "dev": true
        },
        "@nestjs/swagger": {
            "version": "4.1.7",
            "resolved": "https://registry.npmjs.org/@nestjs/swagger/-/swagger-4.1.7.tgz",
            "integrity": "sha512-IIwy4YHHfybIvp7rYK3HhfFE+IpjkbQ5Ityfmzn4vPwnwbxmg3au1CNNQV7BRYQ6dPortuTGrYLEg9iqUIGLXA==",
            "dev": true,
            "requires": {
                "lodash": "4.17.15",
                "path-to-regexp": "3.2.0"
            }
        },
        "@nestjs/testing": {
            "version": "6.5.3",
            "resolved": "https://registry.npmjs.org/@nestjs/testing/-/testing-6.5.3.tgz",
            "integrity": "sha512-W8tPhkNVhmX+jaDu4R7WUOtIl0PK3ZDso434rEm/b1+S6ZRgAKwNVHWM/rwIuTi5+erPTEULtTsZgrXFrzC1sA==",
            "dev": true,
            "requires": {
                "optional": "0.1.4"
            }
        },
        "@nuxtjs/opencollective": {
            "version": "0.2.2",
            "resolved": "https://registry.npmjs.org/@nuxtjs/opencollective/-/opencollective-0.2.2.tgz",
            "integrity": "sha512-69gFVDs7mJfNjv9Zs5DFVD+pvBW+k1TaHSOqUWqAyTTfLcKI/EMYQgvEvziRd+zAFtUOoye6MfWh0qvinGISPw==",
            "dev": true,
            "requires": {
                "chalk": "^2.4.1",
                "consola": "^2.3.0",
                "node-fetch": "^2.3.0"
            }
        },
        "@types/bluebird": {
            "version": "3.5.27",
            "resolved": "https://registry.npmjs.org/@types/bluebird/-/bluebird-3.5.27.tgz",
            "integrity": "sha512-6BmYWSBea18+tSjjSC3QIyV93ZKAeNWGM7R6aYt1ryTZXrlHF+QLV0G2yV0viEGVyRkyQsWfMoJ0k/YghBX5sQ==",
            "dev": true
        },
        "@types/body-parser": {
            "version": "1.17.0",
            "resolved": "https://registry.npmjs.org/@types/body-parser/-/body-parser-1.17.0.tgz",
            "integrity": "sha512-a2+YeUjPkztKJu5aIF2yArYFQQp8d51wZ7DavSHjFuY1mqVgidGyzEQ41JIVNy82fXj8yPgy2vJmfIywgESW6w==",
            "dev": true,
            "requires": {
                "@types/connect": "*",
                "@types/node": "*"
            }
        },
        "@types/config": {
            "version": "0.0.34",
            "resolved": "https://registry.npmjs.org/@types/config/-/config-0.0.34.tgz",
            "integrity": "sha512-jWi9DXx77hnzN4kHCNEvP/kab+nchRLTg9yjXYxjTcMBkuc5iBb3QuwJ4sPrb+nzy1GQjrfyfMqZOdR4i7opRQ==",
            "dev": true
        },
        "@types/connect": {
            "version": "3.4.32",
            "resolved": "https://registry.npmjs.org/@types/connect/-/connect-3.4.32.tgz",
            "integrity": "sha512-4r8qa0quOvh7lGD0pre62CAb1oni1OO6ecJLGCezTmhQ8Fz50Arx9RUszryR8KlgK6avuSXvviL6yWyViQABOg==",
            "dev": true,
            "requires": {
                "@types/node": "*"
            }
        },
        "@types/express": {
            "version": "4.17.0",
            "resolved": "https://registry.npmjs.org/@types/express/-/express-4.17.0.tgz",
            "integrity": "sha512-CjaMu57cjgjuZbh9DpkloeGxV45CnMGlVd+XpG7Gm9QgVrd7KFq+X4HY0vM+2v0bczS48Wg7bvnMY5TN+Xmcfw==",
            "dev": true,
            "requires": {
                "@types/body-parser": "*",
                "@types/express-serve-static-core": "*",
                "@types/serve-static": "*"
            }
        },
        "@types/express-serve-static-core": {
            "version": "4.16.7",
            "resolved": "https://registry.npmjs.org/@types/express-serve-static-core/-/express-serve-static-core-4.16.7.tgz",
            "integrity": "sha512-847KvL8Q1y3TtFLRTXcVakErLJQgdpFSaq+k043xefz9raEf0C7HalpSY7OW5PyjCnY8P7bPW5t/Co9qqp+USg==",
            "dev": true,
            "requires": {
                "@types/node": "*",
                "@types/range-parser": "*"
            }
        },
        "@types/mime": {
            "version": "2.0.1",
            "resolved": "https://registry.npmjs.org/@types/mime/-/mime-2.0.1.tgz",
            "integrity": "sha512-FwI9gX75FgVBJ7ywgnq/P7tw+/o1GUbtP0KzbtusLigAOgIgNISRK0ZPl4qertvXSIE8YbsVJueQ90cDt9YYyw==",
            "dev": true
        },
        "@types/node": {
            "version": "12.6.8",
            "resolved": "https://registry.npmjs.org/@types/node/-/node-12.6.8.tgz",
            "integrity": "sha512-aX+gFgA5GHcDi89KG5keey2zf0WfZk/HAQotEamsK2kbey+8yGKcson0hbK8E+v0NArlCJQCqMP161YhV6ZXLg==",
            "dev": true
        },
        "@types/passport": {
            "version": "1.0.0",
            "resolved": "https://registry.npmjs.org/@types/passport/-/passport-1.0.0.tgz",
            "integrity": "sha512-R2FXqM+AgsMIym0PuKj08Ybx+GR6d2rU3b1/8OcHolJ+4ga2pRPX105wboV6hq1AJvMo2frQzYKdqXS5+4cyMw==",
            "dev": true,
            "requires": {
                "@types/express": "*"
            }
        },
        "@types/range-parser": {
            "version": "1.2.3",
            "resolved": "https://registry.npmjs.org/@types/range-parser/-/range-parser-1.2.3.tgz",
            "integrity": "sha512-ewFXqrQHlFsgc09MK5jP5iR7vumV/BYayNC6PgJO2LPe8vrnNFyjQjSppfEngITi0qvfKtzFvgKymGheFM9UOA==",
            "dev": true
        },
        "@types/raven": {
            "version": "2.5.3",
            "resolved": "https://registry.npmjs.org/@types/raven/-/raven-2.5.3.tgz",
            "integrity": "sha512-k6vxiX5I6/GEqJS9mMYPVIgMJf/X26n09NfzuqBpdcEp684RIwpdrwCgSyJGuy8EaSG1wc2rFP7xVEAixPzw7Q==",
            "dev": true,
            "requires": {
                "@types/node": "*"
            }
        },
        "@types/redis": {
            "version": "2.8.13",
            "resolved": "https://registry.npmjs.org/@types/redis/-/redis-2.8.13.tgz",
            "integrity": "sha512-p86cm5P6DMotUqCS6odQRz0JJwc5QXZw9eyH0ALVIqmq12yqtex5ighWyGFHKxak9vaA/GF/Ilu0KZ0MuXXUbg==",
            "dev": true,
            "requires": {
                "@types/node": "*"
            }
        },
        "@types/serve-static": {
            "version": "1.13.2",
            "resolved": "https://registry.npmjs.org/@types/serve-static/-/serve-static-1.13.2.tgz",
            "integrity": "sha512-/BZ4QRLpH/bNYgZgwhKEh+5AsboDBcUdlBYgzoLX0fpj3Y2gp6EApyOlM3bK53wQS/OE1SrdSYBAbux2D1528Q==",
            "dev": true,
            "requires": {
                "@types/express-serve-static-core": "*",
                "@types/mime": "*"
            }
        },
        "ansi-regex": {
            "version": "2.1.1",
            "resolved": "https://registry.npmjs.org/ansi-regex/-/ansi-regex-2.1.1.tgz",
            "integrity": "sha1-w7M6te42DYbg5ijwRorn7yfWVN8=",
            "dev": true
        },
        "ansi-styles": {
            "version": "3.2.1",
            "resolved": "https://registry.npmjs.org/ansi-styles/-/ansi-styles-3.2.1.tgz",
            "integrity": "sha512-VT0ZI6kZRdTh8YyJw3SMbYm/u+NqfsAxEpWO0Pf9sq8/e94WxxOpPKx9FR1FlyCtOVDNOQ+8ntlqFxiRc+r5qA==",
            "dev": true,
            "requires": {
                "color-convert": "^1.9.0"
            }
        },
        "argparse": {
            "version": "1.0.10",
            "resolved": "https://registry.npmjs.org/argparse/-/argparse-1.0.10.tgz",
            "integrity": "sha512-o5Roy6tNG4SL/FOkCAN6RzjiakZS25RLYFrcMttJqbdd8BWrnA+fGz57iN5Pb06pvBGvl5gQ0B48dJlslXvoTg==",
            "dev": true,
            "requires": {
                "sprintf-js": "~1.0.2"
            }
        },
        "async": {
            "version": "2.6.3",
            "resolved": "https://registry.npmjs.org/async/-/async-2.6.3.tgz",
            "integrity": "sha512-zflvls11DCy+dQWzTW2dzuilv8Z5X/pjfmZOWba6TNIVDm+2UDaJmXSOXlasHKfNBs8oo3M0aT50fDEWfKZjXg==",
            "dev": true,
            "requires": {
                "lodash": "^4.17.14"
            }
        },
        "axios": {
            "version": "0.19.0",
            "resolved": "https://registry.npmjs.org/axios/-/axios-0.19.0.tgz",
            "integrity": "sha512-1uvKqKQta3KBxIz14F2v06AEHZ/dIoeKfbTRkK1E5oqjDnuEerLmYTgJB5AiQZHJcljpg1TuRzdjDR06qNk0DQ==",
            "dev": true,
            "requires": {
                "follow-redirects": "1.5.10",
                "is-buffer": "^2.0.2"
            },
            "dependencies": {
                "is-buffer": {
                    "version": "2.0.3",
                    "resolved": "https://registry.npmjs.org/is-buffer/-/is-buffer-2.0.3.tgz",
                    "integrity": "sha512-U15Q7MXTuZlrbymiz95PJpZxu8IlipAp4dtS3wOdgPXx3mqBnslrWU14kxfHB+Py/+2PVKSr37dMAgM2A4uArw==",
                    "dev": true
                }
            }
        },
        "balanced-match": {
            "version": "1.0.0",
            "resolved": "https://registry.npmjs.org/balanced-match/-/balanced-match-1.0.0.tgz",
            "integrity": "sha1-ibTRmasr7kneFk6gK4nORi1xt2c=",
            "dev": true
        },
        "bluebird": {
            "version": "3.5.5",
            "resolved": "https://registry.npmjs.org/bluebird/-/bluebird-3.5.5.tgz",
            "integrity": "sha512-5am6HnnfN+urzt4yfg7IgTbotDjIT/u8AJpEt0sIU9FtXfVeezXAPKswrG+xKUCOYAINpSdgZVDU6QFh+cuH3w=="
        },
        "brace-expansion": {
            "version": "1.1.11",
            "resolved": "https://registry.npmjs.org/brace-expansion/-/brace-expansion-1.1.11.tgz",
            "integrity": "sha512-iCuPHDFgrHX7H2vEI/5xpz07zSHB00TpugqhmYtVmMO6518mCuRMoOYFldEBl0g187ufozdaHgWKcYFb61qGiA==",
            "dev": true,
            "requires": {
                "balanced-match": "^1.0.0",
                "concat-map": "0.0.1"
            }
        },
        "builtin-modules": {
            "version": "1.1.1",
            "resolved": "https://registry.npmjs.org/builtin-modules/-/builtin-modules-1.1.1.tgz",
            "integrity": "sha1-Jw8HbFpywC9bZaR9+Uxf46J4iS8=",
            "dev": true
        },
        "chalk": {
            "version": "2.4.2",
            "resolved": "https://registry.npmjs.org/chalk/-/chalk-2.4.2.tgz",
            "integrity": "sha512-Mti+f9lpJNcwF4tWV8/OrTTtF1gZi+f8FqlyAdouralcFWFQWF2+NgCHShjkCb+IFBLq9buZwE1xckQU4peSuQ==",
            "dev": true,
            "requires": {
                "ansi-styles": "^3.2.1",
                "escape-string-regexp": "^1.0.5",
                "supports-color": "^5.3.0"
            }
        },
        "charenc": {
            "version": "0.0.2",
            "resolved": "https://registry.npmjs.org/charenc/-/charenc-0.0.2.tgz",
            "integrity": "sha1-wKHS86cJLgN3S/qD8UwPxXkKhmc="
        },
        "class-validator": {
            "version": "0.9.1",
            "resolved": "https://registry.npmjs.org/class-validator/-/class-validator-0.9.1.tgz",
            "integrity": "sha512-3wApflrd3ywVZyx4jaasGoFt8pmo4aGLPPAEKCKCsTRWVGPilahD88q3jQjRQwja50rl9a7rsP5LAxJYwGK8/Q==",
            "dev": true,
            "requires": {
                "google-libphonenumber": "^3.1.6",
                "validator": "10.4.0"
            }
        },
        "cli-color": {
            "version": "1.4.0",
            "resolved": "https://registry.npmjs.org/cli-color/-/cli-color-1.4.0.tgz",
            "integrity": "sha512-xu6RvQqqrWEo6MPR1eixqGPywhYBHRs653F9jfXB2Hx4jdM/3WxiNE1vppRmxtMIfl16SFYTpYlrnqH/HsK/2w==",
            "dev": true,
            "requires": {
                "ansi-regex": "^2.1.1",
                "d": "1",
                "es5-ext": "^0.10.46",
                "es6-iterator": "^2.0.3",
                "memoizee": "^0.4.14",
                "timers-ext": "^0.1.5"
            }
        },
        "color-convert": {
            "version": "1.9.3",
            "resolved": "https://registry.npmjs.org/color-convert/-/color-convert-1.9.3.tgz",
            "integrity": "sha512-QfAUtd+vFdAtFQcC8CCyYt1fYWxSqAiK2cSD6zDB8N3cpsEBAvRxp9zOGg6G/SHHJYAT88/az/IuDGALsNVbGg==",
            "dev": true,
            "requires": {
                "color-name": "1.1.3"
            }
        },
        "color-name": {
            "version": "1.1.3",
            "resolved": "https://registry.npmjs.org/color-name/-/color-name-1.1.3.tgz",
            "integrity": "sha1-p9BVi9icQveV3UIyj3QIMcpTvCU=",
            "dev": true
        },
        "commander": {
            "version": "2.20.0",
            "resolved": "https://registry.npmjs.org/commander/-/commander-2.20.0.tgz",
            "integrity": "sha512-7j2y+40w61zy6YC2iRNpUe/NwhNyoXrYpHMrSunaMG64nRnaf96zO/KMQR4OyN/UnE5KLyEBnKHd4aG3rskjpQ==",
            "dev": true
        },
        "concat-map": {
            "version": "0.0.1",
            "resolved": "https://registry.npmjs.org/concat-map/-/concat-map-0.0.1.tgz",
            "integrity": "sha1-2Klr13/Wjfd5OnMDajug1UBdR3s=",
            "dev": true
        },
        "config": {
            "version": "3.2.2",
            "resolved": "https://registry.npmjs.org/config/-/config-3.2.2.tgz",
            "integrity": "sha512-rOsfIOAcG82AWouK4/vBS/OKz3UPl2T/kP0irExmXJJOoWg2CmdfPLdx56bCoMUMFNh+7soQkQWCUC8DyemiwQ==",
            "dev": true,
            "requires": {
                "json5": "^1.0.1"
            }
        },
        "consola": {
            "version": "2.9.0",
            "resolved": "https://registry.npmjs.org/consola/-/consola-2.9.0.tgz",
            "integrity": "sha512-34Iue+LRcWbndFIfZc5boNizWlsrRjqIBJZTe591vImgbnq7nx2EzlrLtANj9TH2Fxm7puFJBJAOk5BhvZOddQ==",
            "dev": true
        },
        "cookie": {
            "version": "0.3.1",
            "resolved": "https://registry.npmjs.org/cookie/-/cookie-0.3.1.tgz",
            "integrity": "sha1-5+Ch+e9DtMi6klxcWpboBtFoc7s="
        },
        "crypt": {
            "version": "0.0.2",
            "resolved": "https://registry.npmjs.org/crypt/-/crypt-0.0.2.tgz",
            "integrity": "sha1-iNf/fsDfuG9xPch7u0LQRNPmxBs="
        },
        "d": {
            "version": "1.0.1",
            "resolved": "https://registry.npmjs.org/d/-/d-1.0.1.tgz",
            "integrity": "sha512-m62ShEObQ39CfralilEQRjH6oAMtNCV1xJyEx5LpRYUVN+EviphDgUc/F3hnYbADmkiNs67Y+3ylmlG7Lnu+FA==",
            "dev": true,
            "requires": {
                "es5-ext": "^0.10.50",
                "type": "^1.0.1"
            }
        },
        "date-format": {
            "version": "2.1.0",
            "resolved": "https://registry.npmjs.org/date-format/-/date-format-2.1.0.tgz",
            "integrity": "sha512-bYQuGLeFxhkxNOF3rcMtiZxvCBAquGzZm6oWA1oZ0g2THUzivaRhv8uOhdr19LmoobSOLoIAxeUK2RdbM8IFTA==",
            "dev": true
        },
        "debug": {
            "version": "3.1.0",
            "resolved": "https://registry.npmjs.org/debug/-/debug-3.1.0.tgz",
            "integrity": "sha512-OX8XqP7/1a9cqkxYw2yXss15f26NKWBpDXQd0/uK/KPqdQhxbPa994hnzjcE2VqQpDslf55723cKPUOGSmMY3g==",
            "dev": true,
            "requires": {
                "ms": "2.0.0"
            }
        },
        "diff": {
            "version": "3.5.0",
            "resolved": "https://registry.npmjs.org/diff/-/diff-3.5.0.tgz",
            "integrity": "sha512-A46qtFgd+g7pDZinpnwiRJtxbC1hpgf0uzP3iG89scHk0AUC7A1TGxf5OiiOUv/JMZR8GOt8hL900hV0bOy5xA==",
            "dev": true
        },
        "double-ended-queue": {
            "version": "2.1.0-0",
            "resolved": "https://registry.npmjs.org/double-ended-queue/-/double-ended-queue-2.1.0-0.tgz",
            "integrity": "sha1-ED01J/0xUo9AGIEwyEHv3XgmTlw="
        },
        "es5-ext": {
            "version": "0.10.50",
            "resolved": "https://registry.npmjs.org/es5-ext/-/es5-ext-0.10.50.tgz",
            "integrity": "sha512-KMzZTPBkeQV/JcSQhI5/z6d9VWJ3EnQ194USTUwIYZ2ZbpN8+SGXQKt1h68EX44+qt+Fzr8DO17vnxrw7c3agw==",
            "dev": true,
            "requires": {
                "es6-iterator": "~2.0.3",
                "es6-symbol": "~3.1.1",
                "next-tick": "^1.0.0"
            }
        },
        "es6-iterator": {
            "version": "2.0.3",
            "resolved": "https://registry.npmjs.org/es6-iterator/-/es6-iterator-2.0.3.tgz",
            "integrity": "sha1-p96IkUGgWpSwhUQDstCg+/qY87c=",
            "dev": true,
            "requires": {
                "d": "1",
                "es5-ext": "^0.10.35",
                "es6-symbol": "^3.1.1"
            }
        },
        "es6-symbol": {
            "version": "3.1.1",
            "resolved": "https://registry.npmjs.org/es6-symbol/-/es6-symbol-3.1.1.tgz",
            "integrity": "sha1-vwDvT9q2uhtG7Le2KbTH7VcVzHc=",
            "dev": true,
            "requires": {
                "d": "1",
                "es5-ext": "~0.10.14"
            }
        },
        "es6-weak-map": {
            "version": "2.0.3",
            "resolved": "https://registry.npmjs.org/es6-weak-map/-/es6-weak-map-2.0.3.tgz",
            "integrity": "sha512-p5um32HOTO1kP+w7PRnB+5lQ43Z6muuMuIMffvDN8ZB4GcnjLBV6zGStpbASIMk4DCAvEaamhe2zhyCb/QXXsA==",
            "dev": true,
            "requires": {
                "d": "1",
                "es5-ext": "^0.10.46",
                "es6-iterator": "^2.0.3",
                "es6-symbol": "^3.1.1"
            }
        },
        "escape-string-regexp": {
            "version": "1.0.5",
            "resolved": "https://registry.npmjs.org/escape-string-regexp/-/escape-string-regexp-1.0.5.tgz",
            "integrity": "sha1-G2HAViGQqN/2rjuyzwIAyhMLhtQ=",
            "dev": true
        },
        "esprima": {
            "version": "4.0.1",
            "resolved": "https://registry.npmjs.org/esprima/-/esprima-4.0.1.tgz",
            "integrity": "sha512-eGuFFw7Upda+g4p+QHvnW0RyTX/SVeJBDM/gCtMARO0cLuT2HcEKnTPvhjV6aGeqrCB/sbNop0Kszm0jsaWU4A==",
            "dev": true
        },
        "esutils": {
            "version": "2.0.2",
            "resolved": "https://registry.npmjs.org/esutils/-/esutils-2.0.2.tgz",
            "integrity": "sha1-Cr9PHKpbyx96nYrMbepPqqBLrJs=",
            "dev": true
        },
        "event-emitter": {
            "version": "0.3.5",
            "resolved": "https://registry.npmjs.org/event-emitter/-/event-emitter-0.3.5.tgz",
            "integrity": "sha1-34xp7vFkeSPHFXuc6DhAYQsCzDk=",
            "dev": true,
            "requires": {
                "d": "1",
                "es5-ext": "~0.10.14"
            }
        },
        "fast-safe-stringify": {
            "version": "2.0.6",
            "resolved": "https://registry.npmjs.org/fast-safe-stringify/-/fast-safe-stringify-2.0.6.tgz",
            "integrity": "sha512-q8BZ89jjc+mz08rSxROs8VsrBBcn1SIw1kq9NjolL509tkABRk9io01RAjSaEv1Xb2uFLt8VtRiZbGp5H8iDtg==",
            "dev": true
        },
        "flatted": {
            "version": "2.0.1",
            "resolved": "https://registry.npmjs.org/flatted/-/flatted-2.0.1.tgz",
            "integrity": "sha512-a1hQMktqW9Nmqr5aktAux3JMNqaucxGcjtjWnZLHX7yyPCmlSV3M54nGYbqT8K+0GhF3NBgmJCc3ma+WOgX8Jg==",
            "dev": true
        },
        "follow-redirects": {
            "version": "1.5.10",
            "resolved": "https://registry.npmjs.org/follow-redirects/-/follow-redirects-1.5.10.tgz",
            "integrity": "sha512-0V5l4Cizzvqt5D44aTXbFZz+FtyXV1vrDN6qrelxtfYQKW0KO0W2T/hkE8xvGa/540LkZlkaUjO4ailYTFtHVQ==",
            "dev": true,
            "requires": {
                "debug": "=3.1.0"
            }
        },
        "fs-extra": {
            "version": "7.0.1",
            "resolved": "https://registry.npmjs.org/fs-extra/-/fs-extra-7.0.1.tgz",
            "integrity": "sha512-YJDaCJZEnBmcbw13fvdAM9AwNOJwOzrE4pqMqBq5nFiEqXUqHwlK4B+3pUw6JNvfSPtX05xFHtYy/1ni01eGCw==",
            "dev": true,
            "requires": {
                "graceful-fs": "^4.1.2",
                "jsonfile": "^4.0.0",
                "universalify": "^0.1.0"
            }
        },
        "fs.realpath": {
            "version": "1.0.0",
            "resolved": "https://registry.npmjs.org/fs.realpath/-/fs.realpath-1.0.0.tgz",
            "integrity": "sha1-FQStJSMVjKpA20onh8sBQRmU6k8=",
            "dev": true
        },
        "glob": {
            "version": "7.1.4",
            "resolved": "https://registry.npmjs.org/glob/-/glob-7.1.4.tgz",
            "integrity": "sha512-hkLPepehmnKk41pUGm3sYxoFs/umurYfYJCerbXEyFIWcAzvpipAgVkBqqT9RBKMGjnq6kMuyYwha6csxbiM1A==",
            "dev": true,
            "requires": {
                "fs.realpath": "^1.0.0",
                "inflight": "^1.0.4",
                "inherits": "2",
                "minimatch": "^3.0.4",
                "once": "^1.3.0",
                "path-is-absolute": "^1.0.0"
            }
        },
        "google-libphonenumber": {
            "version": "3.2.3",
            "resolved": "https://registry.npmjs.org/google-libphonenumber/-/google-libphonenumber-3.2.3.tgz",
            "integrity": "sha512-8n4JyRptifaIRlHANKRlfqLR8fANm7+Q+1qvDuUsUeStSLtLGTVsZWe1llWDfgWTm1y07cEUyiRuNIv6cs2ovg==",
            "dev": true
        },
        "graceful-fs": {
            "version": "4.2.0",
            "resolved": "https://registry.npmjs.org/graceful-fs/-/graceful-fs-4.2.0.tgz",
            "integrity": "sha512-jpSvDPV4Cq/bgtpndIWbI5hmYxhQGHPC4d4cqBPb4DLniCfhJokdXhwhaDuLBGLQdvvRum/UiX6ECVIPvDXqdg==",
            "dev": true
        },
        "has-flag": {
            "version": "3.0.0",
            "resolved": "https://registry.npmjs.org/has-flag/-/has-flag-3.0.0.tgz",
            "integrity": "sha1-tdRU3CGZriJWmfNGfloH87lVuv0=",
            "dev": true
        },
        "inflight": {
            "version": "1.0.6",
            "resolved": "https://registry.npmjs.org/inflight/-/inflight-1.0.6.tgz",
            "integrity": "sha1-Sb1jMdfQLQwJvJEKEHW6gWW1bfk=",
            "dev": true,
            "requires": {
                "once": "^1.3.0",
                "wrappy": "1"
            }
        },
        "inherits": {
            "version": "2.0.4",
            "resolved": "https://registry.npmjs.org/inherits/-/inherits-2.0.4.tgz",
            "integrity": "sha512-k/vGaX4/Yla3WzyMCvTQOXYeIHvqOKtnqBduzTHpzpQZzAskKMhZ2K+EnBiSM9zGSoIFeMpXKxa4dYeZIQqewQ==",
            "dev": true
        },
        "is-buffer": {
            "version": "1.1.6",
            "resolved": "https://registry.npmjs.org/is-buffer/-/is-buffer-1.1.6.tgz",
            "integrity": "sha512-NcdALwpXkTm5Zvvbk7owOUSvVvBKDgKP5/ewfXEznmQFfs4ZRmanOeKBTjRVjka3QFoN6XJ+9F3USqfHqTaU5w=="
        },
        "is-promise": {
            "version": "2.1.0",
            "resolved": "https://registry.npmjs.org/is-promise/-/is-promise-2.1.0.tgz",
            "integrity": "sha1-eaKp7OfwlugPNtKy87wWwf9L8/o=",
            "dev": true
        },
        "iterare": {
            "version": "1.2.0",
            "resolved": "https://registry.npmjs.org/iterare/-/iterare-1.2.0.tgz",
            "integrity": "sha512-RxMV9p/UzdK0Iplnd8mVgRvNdXlsTOiuDrqMRnDi3wIhbT+JP4xDquAX9ay13R3CH72NBzQ91KWe0+C168QAyQ==",
            "dev": true
        },
        "js-tokens": {
            "version": "4.0.0",
            "resolved": "https://registry.npmjs.org/js-tokens/-/js-tokens-4.0.0.tgz",
            "integrity": "sha512-RdJUflcE3cUzKiMqQgsCu06FPu9UdIJO0beYbPhHN4k6apgJtifcoCtT9bcxOpYBtpD2kCM6Sbzg4CausW/PKQ==",
            "dev": true
        },
        "js-yaml": {
            "version": "3.13.1",
            "resolved": "https://registry.npmjs.org/js-yaml/-/js-yaml-3.13.1.tgz",
            "integrity": "sha512-YfbcO7jXDdyj0DGxYVSlSeQNHbD7XPWvrVWeVUujrQEoZzWJIRrCPoyk6kL6IAjAG2IolMK4T0hNUe0HOUs5Jw==",
            "dev": true,
            "requires": {
                "argparse": "^1.0.7",
                "esprima": "^4.0.0"
            }
        },
        "json5": {
            "version": "1.0.1",
            "resolved": "https://registry.npmjs.org/json5/-/json5-1.0.1.tgz",
            "integrity": "sha512-aKS4WQjPenRxiQsC93MNfjx+nbF4PAdYzmd/1JIj8HYzqfbu86beTuNgXDzPknWk0n0uARlyewZo4s++ES36Ow==",
            "dev": true,
            "requires": {
                "minimist": "^1.2.0"
            }
        },
        "jsonfile": {
            "version": "4.0.0",
            "resolved": "https://registry.npmjs.org/jsonfile/-/jsonfile-4.0.0.tgz",
            "integrity": "sha1-h3Gq4HmbZAdrdmQPygWPnBDjPss=",
            "dev": true,
            "requires": {
                "graceful-fs": "^4.1.6"
            }
        },
        "lodash": {
            "version": "4.17.15",
            "resolved": "https://registry.npmjs.org/lodash/-/lodash-4.17.15.tgz",
            "integrity": "sha512-8xOcRHvCjnocdS5cpwXQXVzmmh5e5+saE2QGoeQmbKmRS6J3VQppPOIt0MnmE+4xlZoumy0GPG0D0MVIQbNA1A==",
            "dev": true
        },
        "log4js": {
            "version": "4.5.1",
            "resolved": "https://registry.npmjs.org/log4js/-/log4js-4.5.1.tgz",
            "integrity": "sha512-EEEgFcE9bLgaYUKuozyFfytQM2wDHtXn4tAN41pkaxpNjAykv11GVdeI4tHtmPWW4Xrgh9R/2d7XYghDVjbKKw==",
            "dev": true,
            "requires": {
                "date-format": "^2.0.0",
                "debug": "^4.1.1",
                "flatted": "^2.0.0",
                "rfdc": "^1.1.4",
                "streamroller": "^1.0.6"
            },
            "dependencies": {
                "debug": {
                    "version": "4.1.1",
                    "resolved": "https://registry.npmjs.org/debug/-/debug-4.1.1.tgz",
                    "integrity": "sha512-pYAIzeRo8J6KPEaJ0VWOh5Pzkbw/RetuzehGM7QRRX5he4fPHx2rdKMB256ehJCkX+XRQm16eZLqLNS8RSZXZw==",
                    "dev": true,
                    "requires": {
                        "ms": "^2.1.1"
                    }
                },
                "ms": {
                    "version": "2.1.2",
                    "resolved": "https://registry.npmjs.org/ms/-/ms-2.1.2.tgz",
                    "integrity": "sha512-sGkPx+VjMtmA6MX27oA4FBFELFCZZ4S4XqeGOXCv68tT+jb3vk/RyaKWP0PTKyWtmLSM0b+adUTEvbs1PEaH2w==",
                    "dev": true
                }
            }
        },
        "lru-queue": {
            "version": "0.1.0",
            "resolved": "https://registry.npmjs.org/lru-queue/-/lru-queue-0.1.0.tgz",
            "integrity": "sha1-Jzi9nw089PhEkMVzbEhpmsYyzaM=",
            "dev": true,
            "requires": {
                "es5-ext": "~0.10.2"
            }
        },
        "md5": {
            "version": "2.2.1",
            "resolved": "https://registry.npmjs.org/md5/-/md5-2.2.1.tgz",
            "integrity": "sha1-U6s41f48iJG6RlMp6iP6wFQBJvk=",
            "requires": {
                "charenc": "~0.0.1",
                "crypt": "~0.0.1",
                "is-buffer": "~1.1.1"
            }
        },
        "memoizee": {
            "version": "0.4.14",
            "resolved": "https://registry.npmjs.org/memoizee/-/memoizee-0.4.14.tgz",
            "integrity": "sha512-/SWFvWegAIYAO4NQMpcX+gcra0yEZu4OntmUdrBaWrJncxOqAziGFlHxc7yjKVK2uu3lpPW27P27wkR82wA8mg==",
            "dev": true,
            "requires": {
                "d": "1",
                "es5-ext": "^0.10.45",
                "es6-weak-map": "^2.0.2",
                "event-emitter": "^0.3.5",
                "is-promise": "^2.1",
                "lru-queue": "0.1",
                "next-tick": "1",
                "timers-ext": "^0.1.5"
            }
        },
        "minimatch": {
            "version": "3.0.4",
            "resolved": "https://registry.npmjs.org/minimatch/-/minimatch-3.0.4.tgz",
            "integrity": "sha512-yJHVQEhyqPLUTgt9B83PXu6W3rx4MvvHvSUvToogpwoGDOUQ+yDrR0HRot+yOCdCO7u4hX3pWft6kWBBcqh0UA==",
            "dev": true,
            "requires": {
                "brace-expansion": "^1.1.7"
            }
        },
        "minimist": {
            "version": "1.2.0",
            "resolved": "https://registry.npmjs.org/minimist/-/minimist-1.2.0.tgz",
            "integrity": "sha1-o1AIsg9BOD7sH7kU9M1d95omQoQ=",
            "dev": true
        },
        "mkdirp": {
            "version": "0.5.1",
            "resolved": "https://registry.npmjs.org/mkdirp/-/mkdirp-0.5.1.tgz",
            "integrity": "sha1-MAV0OOrGz3+MR2fzhkjWaX11yQM=",
            "dev": true,
            "requires": {
                "minimist": "0.0.8"
            },
            "dependencies": {
                "minimist": {
                    "version": "0.0.8",
                    "resolved": "https://registry.npmjs.org/minimist/-/minimist-0.0.8.tgz",
                    "integrity": "sha1-hX/Kv8M5fSYluCKCYuhqp6ARsF0=",
                    "dev": true
                }
            }
        },
        "ms": {
            "version": "2.0.0",
            "resolved": "https://registry.npmjs.org/ms/-/ms-2.0.0.tgz",
            "integrity": "sha1-VgiurfwAvmwpAd9fmGF4jeDVl8g=",
            "dev": true
        },
        "next-tick": {
            "version": "1.0.0",
            "resolved": "https://registry.npmjs.org/next-tick/-/next-tick-1.0.0.tgz",
            "integrity": "sha1-yobR/ogoFpsBICCOPchCS524NCw=",
            "dev": true
        },
        "node-fetch": {
            "version": "2.6.0",
            "resolved": "https://registry.npmjs.org/node-fetch/-/node-fetch-2.6.0.tgz",
            "integrity": "sha512-8dG4H5ujfvFiqDmVu9fQ5bOHUC15JMjMY/Zumv26oOvvVJjM67KF8koCWIabKQ1GJIa9r2mMZscBq/TbdOcmNA==",
            "dev": true
        },
        "object-hash": {
            "version": "1.3.1",
            "resolved": "https://registry.npmjs.org/object-hash/-/object-hash-1.3.1.tgz",
            "integrity": "sha512-OSuu/pU4ENM9kmREg0BdNrUDIl1heYa4mBZacJc+vVWz4GtAwu7jO8s4AIt2aGRUTqxykpWzI3Oqnsm13tTMDA==",
            "dev": true
        },
        "once": {
            "version": "1.4.0",
            "resolved": "https://registry.npmjs.org/once/-/once-1.4.0.tgz",
            "integrity": "sha1-WDsap3WWHUsROsF9nFC6753Xa9E=",
            "dev": true,
            "requires": {
                "wrappy": "1"
            }
        },
        "optional": {
            "version": "0.1.4",
            "resolved": "https://registry.npmjs.org/optional/-/optional-0.1.4.tgz",
            "integrity": "sha512-gtvrrCfkE08wKcgXaVwQVgwEQ8vel2dc5DDBn9RLQZ3YtmtkBss6A2HY6BnJH4N/4Ku97Ri/SF8sNWE2225WJw==",
            "dev": true
        },
        "passport": {
            "version": "0.4.0",
            "resolved": "https://registry.npmjs.org/passport/-/passport-0.4.0.tgz",
            "integrity": "sha1-xQlWkTR71a07XhgCOMORTRbwWBE=",
            "dev": true,
            "requires": {
                "passport-strategy": "1.x.x",
                "pause": "0.0.1"
            }
        },
        "passport-strategy": {
            "version": "1.0.0",
            "resolved": "https://registry.npmjs.org/passport-strategy/-/passport-strategy-1.0.0.tgz",
            "integrity": "sha1-tVOaqPwiWj0a0XlHbd8ja0QPUuQ=",
            "dev": true
        },
        "path-is-absolute": {
            "version": "1.0.1",
            "resolved": "https://registry.npmjs.org/path-is-absolute/-/path-is-absolute-1.0.1.tgz",
            "integrity": "sha1-F0uSaHNVNP+8es5r9TpanhtcX18=",
            "dev": true
        },
        "path-parse": {
            "version": "1.0.6",
            "resolved": "https://registry.npmjs.org/path-parse/-/path-parse-1.0.6.tgz",
            "integrity": "sha512-GSmOT2EbHrINBf9SR7CDELwlJ8AENk3Qn7OikK4nFYAu3Ote2+JYNVvkpAEQm3/TLNEJFD/xZJjzyxg3KBWOzw==",
            "dev": true
        },
        "path-to-regexp": {
            "version": "3.2.0",
            "resolved": "https://registry.npmjs.org/path-to-regexp/-/path-to-regexp-3.2.0.tgz",
            "integrity": "sha512-jczvQbCUS7XmS7o+y1aEO9OBVFeZBQ1MDSEqmO7xSoPgOPoowY/SxLpZ6Vh97/8qHZOteiCKb7gkG9gA2ZUxJA==",
            "dev": true
        },
        "pause": {
            "version": "0.0.1",
            "resolved": "https://registry.npmjs.org/pause/-/pause-0.0.1.tgz",
            "integrity": "sha1-HUCLP9t2kjuVQ9lvtMnf1TXZy10=",
            "dev": true
        },
        "raven": {
            "version": "2.6.4",
            "resolved": "https://registry.npmjs.org/raven/-/raven-2.6.4.tgz",
            "integrity": "sha512-6PQdfC4+DQSFncowthLf+B6Hr0JpPsFBgTVYTAOq7tCmx/kR4SXbeawtPch20+3QfUcQDoJBLjWW1ybvZ4kXTw==",
            "requires": {
                "cookie": "0.3.1",
                "md5": "^2.2.1",
                "stack-trace": "0.0.10",
                "timed-out": "4.0.1",
                "uuid": "3.3.2"
            }
        },
        "redis": {
            "version": "2.8.0",
            "resolved": "https://registry.npmjs.org/redis/-/redis-2.8.0.tgz",
            "integrity": "sha512-M1OkonEQwtRmZv4tEWF2VgpG0JWJ8Fv1PhlgT5+B+uNq2cA3Rt1Yt/ryoR+vQNOQcIEgdCdfH0jr3bDpihAw1A==",
            "requires": {
                "double-ended-queue": "^2.1.0-0",
                "redis-commands": "^1.2.0",
                "redis-parser": "^2.6.0"
            }
        },
        "redis-commands": {
            "version": "1.5.0",
            "resolved": "https://registry.npmjs.org/redis-commands/-/redis-commands-1.5.0.tgz",
            "integrity": "sha512-6KxamqpZ468MeQC3bkWmCB1fp56XL64D4Kf0zJSwDZbVLLm7KFkoIcHrgRvQ+sk8dnhySs7+yBg94yIkAK7aJg=="
        },
        "redis-parser": {
            "version": "2.6.0",
            "resolved": "https://registry.npmjs.org/redis-parser/-/redis-parser-2.6.0.tgz",
            "integrity": "sha1-Uu0J2srBCPGmMcB+m2mUHnoZUEs="
        },
        "reflect-metadata": {
            "version": "0.1.13",
            "resolved": "https://registry.npmjs.org/reflect-metadata/-/reflect-metadata-0.1.13.tgz",
            "integrity": "sha512-Ts1Y/anZELhSsjMcU605fU9RE4Oi3p5ORujwbIKXfWa+0Zxs510Qrmrce5/Jowq3cHSZSJqBjypxmHarc+vEWg==",
            "dev": true
        },
        "resolve": {
            "version": "1.11.1",
            "resolved": "https://registry.npmjs.org/resolve/-/resolve-1.11.1.tgz",
            "integrity": "sha512-vIpgF6wfuJOZI7KKKSP+HmiKggadPQAdsp5HiC1mvqnfp0gF1vdwgBWZIdrVft9pgqoMFQN+R7BSWZiBxx+BBw==",
            "dev": true,
            "requires": {
                "path-parse": "^1.0.6"
            }
        },
        "rfdc": {
            "version": "1.1.4",
            "resolved": "https://registry.npmjs.org/rfdc/-/rfdc-1.1.4.tgz",
            "integrity": "sha512-5C9HXdzK8EAqN7JDif30jqsBzavB7wLpaubisuQIGHWf2gUXSpzy6ArX/+Da8RjFpagWsCn+pIgxTMAmKw9Zug==",
            "dev": true
        },
        "rxjs": {
            "version": "6.5.2",
            "resolved": "https://registry.npmjs.org/rxjs/-/rxjs-6.5.2.tgz",
            "integrity": "sha512-HUb7j3kvb7p7eCUHE3FqjoDsC1xfZQ4AHFWfTKSpZ+sAhhz5X1WX0ZuUqWbzB2QhSLp3DoLUG+hMdEDKqWo2Zg==",
            "dev": true,
            "requires": {
                "tslib": "^1.9.0"
            }
        },
        "semver": {
            "version": "5.7.0",
            "resolved": "https://registry.npmjs.org/semver/-/semver-5.7.0.tgz",
            "integrity": "sha512-Ya52jSX2u7QKghxeoFGpLwCtGlt7j0oY9DYb5apt9nPlJ42ID+ulTXESnt/qAQcoSERyZ5sl3LDIOw0nAn/5DA==",
            "dev": true
        },
        "sprintf-js": {
            "version": "1.0.3",
            "resolved": "https://registry.npmjs.org/sprintf-js/-/sprintf-js-1.0.3.tgz",
            "integrity": "sha1-BOaSb2YolTVPPdAVIDYzuFcpfiw=",
            "dev": true
        },
        "stack-trace": {
            "version": "0.0.10",
            "resolved": "https://registry.npmjs.org/stack-trace/-/stack-trace-0.0.10.tgz",
            "integrity": "sha1-VHxws0fo0ytOEI6hoqFZ5f3eGcA="
        },
        "streamroller": {
            "version": "1.0.6",
            "resolved": "https://registry.npmjs.org/streamroller/-/streamroller-1.0.6.tgz",
            "integrity": "sha512-3QC47Mhv3/aZNFpDDVO44qQb9gwB9QggMEE0sQmkTAwBVYdBRWISdsywlkfm5II1Q5y/pmrHflti/IgmIzdDBg==",
            "dev": true,
            "requires": {
                "async": "^2.6.2",
                "date-format": "^2.0.0",
                "debug": "^3.2.6",
                "fs-extra": "^7.0.1",
                "lodash": "^4.17.14"
            },
            "dependencies": {
                "debug": {
                    "version": "3.2.6",
                    "resolved": "https://registry.npmjs.org/debug/-/debug-3.2.6.tgz",
                    "integrity": "sha512-mel+jf7nrtEl5Pn1Qx46zARXKDpBbvzezse7p7LqINmdoIk8PYP5SySaxEmYv6TZ0JyEKA1hsCId6DIhgITtWQ==",
                    "dev": true,
                    "requires": {
                        "ms": "^2.1.1"
                    }
                },
                "ms": {
                    "version": "2.1.2",
                    "resolved": "https://registry.npmjs.org/ms/-/ms-2.1.2.tgz",
                    "integrity": "sha512-sGkPx+VjMtmA6MX27oA4FBFELFCZZ4S4XqeGOXCv68tT+jb3vk/RyaKWP0PTKyWtmLSM0b+adUTEvbs1PEaH2w==",
                    "dev": true
                }
            }
        },
        "supports-color": {
            "version": "5.5.0",
            "resolved": "https://registry.npmjs.org/supports-color/-/supports-color-5.5.0.tgz",
            "integrity": "sha512-QjVjwdXIt408MIiAqCX4oUKsgU2EqAGzs2Ppkm4aQYbjm+ZEWEcW4SfFNTr4uMNZma0ey4f5lgLrkB0aX0QMow==",
            "dev": true,
            "requires": {
                "has-flag": "^3.0.0"
            }
        },
        "timed-out": {
            "version": "4.0.1",
            "resolved": "https://registry.npmjs.org/timed-out/-/timed-out-4.0.1.tgz",
            "integrity": "sha1-8y6srFoXW+ol1/q1Zas+2HQe9W8="
        },
        "timers-ext": {
            "version": "0.1.7",
            "resolved": "https://registry.npmjs.org/timers-ext/-/timers-ext-0.1.7.tgz",
            "integrity": "sha512-b85NUNzTSdodShTIbky6ZF02e8STtVVfD+fu4aXXShEELpozH+bCpJLYMPZbsABN2wDH7fJpqIoXxJpzbf0NqQ==",
            "dev": true,
            "requires": {
                "es5-ext": "~0.10.46",
                "next-tick": "1"
            }
        },
        "tslib": {
            "version": "1.10.0",
            "resolved": "https://registry.npmjs.org/tslib/-/tslib-1.10.0.tgz",
            "integrity": "sha512-qOebF53frne81cf0S9B41ByenJ3/IuH8yJKngAX35CmiZySA0khhkovshKK+jGCaMnVomla7gVlIcc3EvKPbTQ==",
            "dev": true
        },
        "tslint": {
            "version": "5.18.0",
            "resolved": "https://registry.npmjs.org/tslint/-/tslint-5.18.0.tgz",
            "integrity": "sha512-Q3kXkuDEijQ37nXZZLKErssQVnwCV/+23gFEMROi8IlbaBG6tXqLPQJ5Wjcyt/yHPKBC+hD5SzuGaMora+ZS6w==",
            "dev": true,
            "requires": {
                "@babel/code-frame": "^7.0.0",
                "builtin-modules": "^1.1.1",
                "chalk": "^2.3.0",
                "commander": "^2.12.1",
                "diff": "^3.2.0",
                "glob": "^7.1.1",
                "js-yaml": "^3.13.1",
                "minimatch": "^3.0.4",
                "mkdirp": "^0.5.1",
                "resolve": "^1.3.2",
                "semver": "^5.3.0",
                "tslib": "^1.8.0",
                "tsutils": "^2.29.0"
            }
        },
        "tsutils": {
            "version": "2.29.0",
            "resolved": "https://registry.npmjs.org/tsutils/-/tsutils-2.29.0.tgz",
            "integrity": "sha512-g5JVHCIJwzfISaXpXE1qvNalca5Jwob6FjI4AoPlqMusJ6ftFE7IkkFoMhVLRgK+4Kx3gkzb8UZK5t5yTTvEmA==",
            "dev": true,
            "requires": {
                "tslib": "^1.8.1"
            }
        },
        "type": {
            "version": "1.0.1",
            "resolved": "https://registry.npmjs.org/type/-/type-1.0.1.tgz",
            "integrity": "sha512-MAM5dBMJCJNKs9E7JXo4CXRAansRfG0nlJxW7Wf6GZzSOvH31zClSaHdIMWLehe/EGMBkqeC55rrkaOr5Oo7Nw==",
            "dev": true
        },
        "typescript": {
            "version": "3.5.3",
            "resolved": "https://registry.npmjs.org/typescript/-/typescript-3.5.3.tgz",
            "integrity": "sha512-ACzBtm/PhXBDId6a6sDJfroT2pOWt/oOnk4/dElG5G33ZL776N3Y6/6bKZJBFpd+b05F3Ct9qDjMeJmRWtE2/g==",
            "dev": true
        },
        "universalify": {
            "version": "0.1.2",
            "resolved": "https://registry.npmjs.org/universalify/-/universalify-0.1.2.tgz",
            "integrity": "sha512-rBJeI5CXAlmy1pV+617WB9J63U6XcazHHF2f2dbJix4XzpUF0RS3Zbj0FGIOCAva5P/d/GBOYaACQ1w+0azUkg==",
            "dev": true
        },
        "uuid": {
            "version": "3.3.2",
            "resolved": "https://registry.npmjs.org/uuid/-/uuid-3.3.2.tgz",
            "integrity": "sha512-yXJmeNaw3DnnKAOKJE51sL/ZaYfWJRl1pK9dr19YFCu0ObS231AB1/LbqTKRAQ5kw8A90rA6fr4riOUpTZvQZA=="
        },
        "validator": {
            "version": "10.4.0",
            "resolved": "https://registry.npmjs.org/validator/-/validator-10.4.0.tgz",
            "integrity": "sha512-Q/wBy3LB1uOyssgNlXSRmaf22NxjvDNZM2MtIQ4jaEOAB61xsh1TQxsq1CgzUMBV1lDrVMogIh8GjG1DYW0zLg==",
            "dev": true
        },
        "wrappy": {
            "version": "1.0.2",
            "resolved": "https://registry.npmjs.org/wrappy/-/wrappy-1.0.2.tgz",
            "integrity": "sha1-tSQ9jz7BqjXxNkYFvA0QNuMKtp8=",
            "dev": true
        }
    }
}
